// !$*UTF8*$!
{
	archiveVersion = 1;
	classes = {
	};
	objectVersion = 45;
	objects = {

/* Begin PBXBuildFile section */
		1D3623260D0F684500981E51 /* AppDelegate.mm in Sources */ = {isa = PBXBuildFile; fileRef = 1D3623250D0F684500981E51 /* AppDelegate.mm */; };
		1D60589F0D05DD5A006BFB54 /* Foundation.framework in Frameworks */ = {isa = PBXBuildFile; fileRef = 1D30AB110D05D00D00671497 /* Foundation.framework */; };
		1DF5F4E00D08C38300B7A737 /* UIKit.framework in Frameworks */ = {isa = PBXBuildFile; fileRef = 1DF5F4DF0D08C38300B7A737 /* UIKit.framework */; };
		288765FD0DF74451002DB57D /* CoreGraphics.framework in Frameworks */ = {isa = PBXBuildFile; fileRef = 288765FC0DF74451002DB57D /* CoreGraphics.framework */; };
		4A49829C105175F300BDD830 /* RenderingEngine.ES1.cpp in Sources */ = {isa = PBXBuildFile; fileRef = 4A49829B105175F300BDD830 /* RenderingEngine.ES1.cpp */; };
		4D0BF347107AABA10016A361 /* Button.png in Resources */ = {isa = PBXBuildFile; fileRef = 4D0BF344107AABA10016A361 /* Button.png */; };
		4D0BF4C9107AE7320016A361 /* Sky.pvr in Resources */ = {isa = PBXBuildFile; fileRef = 4D0BF4C8107AE7320016A361 /* Sky.pvr */; };
		4D177A82108C01E7004283E6 /* AccelerometerFilter.m in Sources */ = {isa = PBXBuildFile; fileRef = 4D177A81108C01E7004283E6 /* AccelerometerFilter.m */; };
		4D27E4840F9AD71900447247 /* OpenGLES.framework in Frameworks */ = {isa = PBXBuildFile; fileRef = 4D27E4830F9AD71900447247 /* OpenGLES.framework */; };
		4D27E4B50F9AD7D600447247 /* QuartzCore.framework in Frameworks */ = {isa = PBXBuildFile; fileRef = 4D27E4B40F9AD7D600447247 /* QuartzCore.framework */; };
		4D2E5219107B03D7009F3F69 /* Default.png in Resources */ = {isa = PBXBuildFile; fileRef = 4D2E5218107B03D7009F3F69 /* Default.png */; };
		4D3135ED0F9A6649001FFC34 /* GLView.mm in Sources */ = {isa = PBXBuildFile; fileRef = 4D3135EC0F9A6649001FFC34 /* GLView.mm */; };
		4D3A597E108CF4CF000C8BF9 /* Moss.pvr in Resources */ = {isa = PBXBuildFile; fileRef = 4D3A597D108CF4CF000C8BF9 /* Moss.pvr */; };
		4D3A5990108CF987000C8BF9 /* East.png in Resources */ = {isa = PBXBuildFile; fileRef = 4D3A598C108CF987000C8BF9 /* East.png */; };
		4D3A5991108CF987000C8BF9 /* North.png in Resources */ = {isa = PBXBuildFile; fileRef = 4D3A598D108CF987000C8BF9 /* North.png */; };
		4D3A5992108CF987000C8BF9 /* South.png in Resources */ = {isa = PBXBuildFile; fileRef = 4D3A598E108CF987000C8BF9 /* South.png */; };
		4D3A5993108CF987000C8BF9 /* West.png in Resources */ = {isa = PBXBuildFile; fileRef = 4D3A598F108CF987000C8BF9 /* West.png */; };
		4D781B84108C32F900AE2494 /* GeodesicDome.py in Resources */ = {isa = PBXBuildFile; fileRef = 4D781B83108C32F900AE2494 /* GeodesicDome.py */; };
		4D781B96108C373C00AE2494 /* Triangle.png in Resources */ = {isa = PBXBuildFile; fileRef = 4D781B95108C373C00AE2494 /* Triangle.png */; };
		4D8FB2C30F9EB4740055EDDB /* Icon.png in Resources */ = {isa = PBXBuildFile; fileRef = 4D8FB2C20F9EB4740055EDDB /* Icon.png */; };
		4D8FB3730F9EC1010055EDDB /* main.m in Sources */ = {isa = PBXBuildFile; fileRef = 4D8FB3720F9EC1010055EDDB /* main.m */; };
		4D9257EB108BF37600C1AAA7 /* CoreLocation.framework in Frameworks */ = {isa = PBXBuildFile; fileRef = 4D9257EA108BF37600C1AAA7 /* CoreLocation.framework */; };
		4DCAF55E104E269C00E6B5AB /* ResourceManager.mm in Sources */ = {isa = PBXBuildFile; fileRef = 4DCAF55D104E269C00E6B5AB /* ResourceManager.mm */; };
/* End PBXBuildFile section */

/* Begin PBXFileReference section */
		1D30AB110D05D00D00671497 /* Foundation.framework */ = {isa = PBXFileReference; lastKnownFileType = wrapper.framework; name = Foundation.framework; path = System/Library/Frameworks/Foundation.framework; sourceTree = SDKROOT; };
		1D3623240D0F684500981E51 /* AppDelegate.h */ = {isa = PBXFileReference; fileEncoding = 4; lastKnownFileType = sourcecode.c.h; name = AppDelegate.h; path = Classes/AppDelegate.h; sourceTree = "<group>"; };
		1D3623250D0F684500981E51 /* AppDelegate.mm */ = {isa = PBXFileReference; fileEncoding = 4; lastKnownFileType = sourcecode.cpp.objcpp; name = AppDelegate.mm; path = Classes/AppDelegate.mm; sourceTree = "<group>"; };
		1D6058910D05DD3D006BFB54 /* Holodeck.app */ = {isa = PBXFileReference; explicitFileType = wrapper.application; includeInIndex = 0; path = Holodeck.app; sourceTree = BUILT_PRODUCTS_DIR; };
		1DF5F4DF0D08C38300B7A737 /* UIKit.framework */ = {isa = PBXFileReference; lastKnownFileType = wrapper.framework; name = UIKit.framework; path = System/Library/Frameworks/UIKit.framework; sourceTree = SDKROOT; };
		288765FC0DF74451002DB57D /* CoreGraphics.framework */ = {isa = PBXFileReference; lastKnownFileType = wrapper.framework; name = CoreGraphics.framework; path = System/Library/Frameworks/CoreGraphics.framework; sourceTree = SDKROOT; };
		4A49829B105175F300BDD830 /* RenderingEngine.ES1.cpp */ = {isa = PBXFileReference; fileEncoding = 4; lastKnownFileType = sourcecode.cpp.cpp; path = RenderingEngine.ES1.cpp; sourceTree = "<group>"; };
		4A75BB7510063249001B5F63 /* ParametricSurface.hpp */ = {isa = PBXFileReference; fileEncoding = 4; lastKnownFileType = sourcecode.cpp.h; name = ParametricSurface.hpp; path = Classes/ParametricSurface.hpp; sourceTree = "<group>"; };
		4D0BF344107AABA10016A361 /* Button.png */ = {isa = PBXFileReference; lastKnownFileType = image.png; name = Button.png; path = Textures/Button.png; sourceTree = "<group>"; };
		4D0BF4C8107AE7320016A361 /* Sky.pvr */ = {isa = PBXFileReference; lastKnownFileType = file; name = Sky.pvr; path = Textures/Sky.pvr; sourceTree = "<group>"; };
		4D0BF4F5107AE97A0016A361 /* PVRTGlobal.h */ = {isa = PBXFileReference; fileEncoding = 4; lastKnownFileType = sourcecode.c.h; name = PVRTGlobal.h; path = PowerVR/PVRTGlobal.h; sourceTree = "<group>"; };
		4D0BF4F6107AE97A0016A361 /* PVRTTexture.h */ = {isa = PBXFileReference; fileEncoding = 4; lastKnownFileType = sourcecode.c.h; name = PVRTTexture.h; path = PowerVR/PVRTTexture.h; sourceTree = "<group>"; };
		4D177A81108C01E7004283E6 /* AccelerometerFilter.m */ = {isa = PBXFileReference; fileEncoding = 4; lastKnownFileType = sourcecode.c.objc; name = AccelerometerFilter.m; path = Classes/AccelerometerFilter.m; sourceTree = "<group>"; };
		4D177A83108C01F4004283E6 /* AccelerometerFilter.h */ = {isa = PBXFileReference; fileEncoding = 4; lastKnownFileType = sourcecode.c.h; name = AccelerometerFilter.h; path = Classes/AccelerometerFilter.h; sourceTree = "<group>"; };
		4D27E3B10F9ACD8200447247 /* Interfaces.hpp */ = {isa = PBXFileReference; fileEncoding = 4; lastKnownFileType = sourcecode.cpp.h; path = Interfaces.hpp; sourceTree = "<group>"; };
		4D27E4830F9AD71900447247 /* OpenGLES.framework */ = {isa = PBXFileReference; lastKnownFileType = wrapper.framework; name = OpenGLES.framework; path = System/Library/Frameworks/OpenGLES.framework; sourceTree = SDKROOT; };
		4D27E4B40F9AD7D600447247 /* QuartzCore.framework */ = {isa = PBXFileReference; lastKnownFileType = wrapper.framework; name = QuartzCore.framework; path = System/Library/Frameworks/QuartzCore.framework; sourceTree = SDKROOT; };
		4D2E5218107B03D7009F3F69 /* Default.png */ = {isa = PBXFileReference; lastKnownFileType = image.png; path = Default.png; sourceTree = "<group>"; };
		4D3135EB0F9A6649001FFC34 /* GLView.h */ = {isa = PBXFileReference; fileEncoding = 4; lastKnownFileType = sourcecode.c.h; path = GLView.h; sourceTree = "<group>"; };
		4D3135EC0F9A6649001FFC34 /* GLView.mm */ = {isa = PBXFileReference; fileEncoding = 4; lastKnownFileType = sourcecode.cpp.objcpp; path = GLView.mm; sourceTree = "<group>"; };
		4D3A597D108CF4CF000C8BF9 /* Moss.pvr */ = {isa = PBXFileReference; lastKnownFileType = file; name = Moss.pvr; path = Textures/Moss.pvr; sourceTree = "<group>"; };
		4D3A598C108CF987000C8BF9 /* East.png */ = {isa = PBXFileReference; lastKnownFileType = image.png; name = East.png; path = Textures/East.png; sourceTree = "<group>"; };
		4D3A598D108CF987000C8BF9 /* North.png */ = {isa = PBXFileReference; lastKnownFileType = image.png; name = North.png; path = Textures/North.png; sourceTree = "<group>"; };
		4D3A598E108CF987000C8BF9 /* South.png */ = {isa = PBXFileReference; lastKnownFileType = image.png; name = South.png; path = Textures/South.png; sourceTree = "<group>"; };
		4D3A598F108CF987000C8BF9 /* West.png */ = {isa = PBXFileReference; lastKnownFileType = image.png; name = West.png; path = Textures/West.png; sourceTree = "<group>"; };
		4D781B82108C32F900AE2494 /* GeodesicDome.h */ = {isa = PBXFileReference; fileEncoding = 4; lastKnownFileType = sourcecode.c.h; name = GeodesicDome.h; path = Models/GeodesicDome.h; sourceTree = "<group>"; };
		4D781B83108C32F900AE2494 /* GeodesicDome.py */ = {isa = PBXFileReference; fileEncoding = 4; lastKnownFileType = text.script.python; name = GeodesicDome.py; path = Models/GeodesicDome.py; sourceTree = "<group>"; };
		4D781B95108C373C00AE2494 /* Triangle.png */ = {isa = PBXFileReference; lastKnownFileType = image.png; name = Triangle.png; path = Textures/Triangle.png; sourceTree = "<group>"; };
		4D8AB5CD0FBF6EBD00A21C2E /* Vector.hpp */ = {isa = PBXFileReference; fileEncoding = 4; lastKnownFileType = sourcecode.cpp.h; name = Vector.hpp; path = Classes/Vector.hpp; sourceTree = "<group>"; };
		4D8AB64D0FBFB4F600A21C2E /* Matrix.hpp */ = {isa = PBXFileReference; fileEncoding = 4; lastKnownFileType = sourcecode.cpp.h; name = Matrix.hpp; path = Classes/Matrix.hpp; sourceTree = "<group>"; };
		4D8FB2C20F9EB4740055EDDB /* Icon.png */ = {isa = PBXFileReference; lastKnownFileType = image.png; path = Icon.png; sourceTree = "<group>"; };
		4D8FB3720F9EC1010055EDDB /* main.m */ = {isa = PBXFileReference; fileEncoding = 4; lastKnownFileType = sourcecode.c.objc; path = main.m; sourceTree = "<group>"; };
		4D9257EA108BF37600C1AAA7 /* CoreLocation.framework */ = {isa = PBXFileReference; lastKnownFileType = wrapper.framework; name = CoreLocation.framework; path = System/Library/Frameworks/CoreLocation.framework; sourceTree = SDKROOT; };
		4DCAF55D104E269C00E6B5AB /* ResourceManager.mm */ = {isa = PBXFileReference; fileEncoding = 4; lastKnownFileType = sourcecode.cpp.objcpp; name = ResourceManager.mm; path = Classes/ResourceManager.mm; sourceTree = "<group>"; };
		8D1107310486CEB800E47090 /* Info.plist */ = {isa = PBXFileReference; fileEncoding = 4; lastKnownFileType = text.plist.xml; path = Info.plist; sourceTree = "<group>"; };
/* End PBXFileReference section */

/* Begin PBXFrameworksBuildPhase section */
		1D60588F0D05DD3D006BFB54 /* Frameworks */ = {
			isa = PBXFrameworksBuildPhase;
			buildActionMask = 2147483647;
			files = (
				1D60589F0D05DD5A006BFB54 /* Foundation.framework in Frameworks */,
				1DF5F4E00D08C38300B7A737 /* UIKit.framework in Frameworks */,
				288765FD0DF74451002DB57D /* CoreGraphics.framework in Frameworks */,
				4D27E4840F9AD71900447247 /* OpenGLES.framework in Frameworks */,
				4D27E4B50F9AD7D600447247 /* QuartzCore.framework in Frameworks */,
				4D9257EB108BF37600C1AAA7 /* CoreLocation.framework in Frameworks */,
			);
			runOnlyForDeploymentPostprocessing = 0;
		};
/* End PBXFrameworksBuildPhase section */

/* Begin PBXGroup section */
		080E96DDFE201D6D7F000001 /* Classes */ = {
			isa = PBXGroup;
			children = (
				4D27E3B10F9ACD8200447247 /* Interfaces.hpp */,
				4A49829B105175F300BDD830 /* RenderingEngine.ES1.cpp */,
				4D3135EB0F9A6649001FFC34 /* GLView.h */,
				4D3135EC0F9A6649001FFC34 /* GLView.mm */,
			);
			path = Classes;
			sourceTree = "<group>";
		};
		19C28FACFE9D520D11CA2CBB /* Products */ = {
			isa = PBXGroup;
			children = (
				1D6058910D05DD3D006BFB54 /* Holodeck.app */,
			);
			name = Products;
			sourceTree = "<group>";
		};
		29B97314FDCFA39411CA2CEA /* CustomTemplate */ = {
			isa = PBXGroup;
			children = (
				4D781B81108C32E700AE2494 /* Models */,
				4D0BF4F4107AE9670016A361 /* PowerVR */,
				4D50C2B31070563300213891 /* Utility */,
				4D47D03E104CDDDA001270F9 /* Textures */,
				080E96DDFE201D6D7F000001 /* Classes */,
				29B97315FDCFA39411CA2CEA /* Other Sources */,
				29B97317FDCFA39411CA2CEA /* Resources */,
				29B97323FDCFA39411CA2CEA /* Frameworks */,
				19C28FACFE9D520D11CA2CBB /* Products */,
			);
			name = CustomTemplate;
			sourceTree = "<group>";
		};
		29B97315FDCFA39411CA2CEA /* Other Sources */ = {
			isa = PBXGroup;
			children = (
				4D8FB3720F9EC1010055EDDB /* main.m */,
			);
			name = "Other Sources";
			sourceTree = "<group>";
		};
		29B97317FDCFA39411CA2CEA /* Resources */ = {
			isa = PBXGroup;
			children = (
				4D8FB2C20F9EB4740055EDDB /* Icon.png */,
				8D1107310486CEB800E47090 /* Info.plist */,
				4D2E5218107B03D7009F3F69 /* Default.png */,
			);
			name = Resources;
			sourceTree = "<group>";
		};
		29B97323FDCFA39411CA2CEA /* Frameworks */ = {
			isa = PBXGroup;
			children = (
				4D27E4B40F9AD7D600447247 /* QuartzCore.framework */,
				4D27E4830F9AD71900447247 /* OpenGLES.framework */,
				1DF5F4DF0D08C38300B7A737 /* UIKit.framework */,
				1D30AB110D05D00D00671497 /* Foundation.framework */,
				288765FC0DF74451002DB57D /* CoreGraphics.framework */,
				4D9257EA108BF37600C1AAA7 /* CoreLocation.framework */,
			);
			name = Frameworks;
			sourceTree = "<group>";
		};
		4D0BF4F4107AE9670016A361 /* PowerVR */ = {
			isa = PBXGroup;
			children = (
				4D0BF4F5107AE97A0016A361 /* PVRTGlobal.h */,
				4D0BF4F6107AE97A0016A361 /* PVRTTexture.h */,
			);
			name = PowerVR;
			sourceTree = "<group>";
		};
		4D47D03E104CDDDA001270F9 /* Textures */ = {
			isa = PBXGroup;
			children = (
				4D3A598C108CF987000C8BF9 /* East.png */,
				4D3A598D108CF987000C8BF9 /* North.png */,
				4D3A598E108CF987000C8BF9 /* South.png */,
				4D3A598F108CF987000C8BF9 /* West.png */,
				4D3A597D108CF4CF000C8BF9 /* Moss.pvr */,
				4D781B95108C373C00AE2494 /* Triangle.png */,
				4D0BF4C8107AE7320016A361 /* Sky.pvr */,
				4D0BF344107AABA10016A361 /* Button.png */,
			);
			name = Textures;
			sourceTree = "<group>";
		};
		4D50C2B31070563300213891 /* Utility */ = {
			isa = PBXGroup;
			children = (
				4D177A83108C01F4004283E6 /* AccelerometerFilter.h */,
				4D177A81108C01E7004283E6 /* AccelerometerFilter.m */,
				4DCAF55D104E269C00E6B5AB /* ResourceManager.mm */,
				1D3623240D0F684500981E51 /* AppDelegate.h */,
				1D3623250D0F684500981E51 /* AppDelegate.mm */,
				4A75BB7510063249001B5F63 /* ParametricSurface.hpp */,
				4D8AB64D0FBFB4F600A21C2E /* Matrix.hpp */,
				4D8AB5CD0FBF6EBD00A21C2E /* Vector.hpp */,
			);
			name = Utility;
			sourceTree = "<group>";
		};
		4D781B81108C32E700AE2494 /* Models */ = {
			isa = PBXGroup;
			children = (
				4D781B82108C32F900AE2494 /* GeodesicDome.h */,
				4D781B83108C32F900AE2494 /* GeodesicDome.py */,
			);
			name = Models;
			sourceTree = "<group>";
		};
/* End PBXGroup section */

/* Begin PBXNativeTarget section */
		1D6058900D05DD3D006BFB54 /* Holodeck */ = {
			isa = PBXNativeTarget;
			buildConfigurationList = 1D6058960D05DD3E006BFB54 /* Build configuration list for PBXNativeTarget "Holodeck" */;
			buildPhases = (
				1D60588D0D05DD3D006BFB54 /* Resources */,
				1D60588E0D05DD3D006BFB54 /* Sources */,
				1D60588F0D05DD3D006BFB54 /* Frameworks */,
			);
			buildRules = (
			);
			dependencies = (
			);
			name = Holodeck;
			productName = Holodeck;
			productReference = 1D6058910D05DD3D006BFB54 /* Holodeck.app */;
			productType = "com.apple.product-type.application";
		};
/* End PBXNativeTarget section */

/* Begin PBXProject section */
		29B97313FDCFA39411CA2CEA /* Project object */ = {
			isa = PBXProject;
			buildConfigurationList = C01FCF4E08A954540054247B /* Build configuration list for PBXProject "Holodeck" */;
			compatibilityVersion = "Xcode 3.1";
			hasScannedForEncodings = 1;
			mainGroup = 29B97314FDCFA39411CA2CEA /* CustomTemplate */;
			projectDirPath = "";
			projectRoot = "";
			targets = (
				1D6058900D05DD3D006BFB54 /* Holodeck */,
			);
		};
/* End PBXProject section */

/* Begin PBXResourcesBuildPhase section */
		1D60588D0D05DD3D006BFB54 /* Resources */ = {
			isa = PBXResourcesBuildPhase;
			buildActionMask = 2147483647;
			files = (
				4D8FB2C30F9EB4740055EDDB /* Icon.png in Resources */,
				4D0BF347107AABA10016A361 /* Button.png in Resources */,
				4D0BF4C9107AE7320016A361 /* Sky.pvr in Resources */,
				4D2E5219107B03D7009F3F69 /* Default.png in Resources */,
				4D781B84108C32F900AE2494 /* GeodesicDome.py in Resources */,
				4D781B96108C373C00AE2494 /* Triangle.png in Resources */,
				4D3A597E108CF4CF000C8BF9 /* Moss.pvr in Resources */,
				4D3A5990108CF987000C8BF9 /* East.png in Resources */,
				4D3A5991108CF987000C8BF9 /* North.png in Resources */,
				4D3A5992108CF987000C8BF9 /* South.png in Resources */,
				4D3A5993108CF987000C8BF9 /* West.png in Resources */,
			);
			runOnlyForDeploymentPostprocessing = 0;
		};
/* End PBXResourcesBuildPhase section */

/* Begin PBXSourcesBuildPhase section */
		1D60588E0D05DD3D006BFB54 /* Sources */ = {
			isa = PBXSourcesBuildPhase;
			buildActionMask = 2147483647;
			files = (
				1D3623260D0F684500981E51 /* AppDelegate.mm in Sources */,
				4D3135ED0F9A6649001FFC34 /* GLView.mm in Sources */,
				4D8FB3730F9EC1010055EDDB /* main.m in Sources */,
				4DCAF55E104E269C00E6B5AB /* ResourceManager.mm in Sources */,
				4A49829C105175F300BDD830 /* RenderingEngine.ES1.cpp in Sources */,
				4D177A82108C01E7004283E6 /* AccelerometerFilter.m in Sources */,
			);
			runOnlyForDeploymentPostprocessing = 0;
		};
/* End PBXSourcesBuildPhase section */

/* Begin XCBuildConfiguration section */
		1D6058940D05DD3E006BFB54 /* Debug */ = {
			isa = XCBuildConfiguration;
			buildSettings = {
				ALWAYS_SEARCH_USER_PATHS = NO;
				COPY_PHASE_STRIP = NO;
				GCC_DYNAMIC_NO_PIC = NO;
				GCC_OPTIMIZATION_LEVEL = 0;
				GCC_PRECOMPILE_PREFIX_HEADER = YES;
				INFOPLIST_FILE = Info.plist;
				PRODUCT_NAME = Holodeck;
			};
			name = Debug;
		};
		1D6058950D05DD3E006BFB54 /* Release */ = {
			isa = XCBuildConfiguration;
			buildSettings = {
				ALWAYS_SEARCH_USER_PATHS = NO;
				COPY_PHASE_STRIP = YES;
				GCC_PRECOMPILE_PREFIX_HEADER = YES;
				INFOPLIST_FILE = Info.plist;
				PRODUCT_NAME = Holodeck;
			};
			name = Release;
		};
		C01FCF4F08A954540054247B /* Debug */ = {
			isa = XCBuildConfiguration;
			buildSettings = {
				ARCHS = "$(ARCHS_STANDARD_32_BIT)";
				"CODE_SIGN_IDENTITY[sdk=iphoneos*]" = "iPhone Developer";
				GCC_C_LANGUAGE_STANDARD = c99;
				GCC_WARN_ABOUT_RETURN_TYPE = YES;
				GCC_WARN_UNUSED_VARIABLE = YES;
				ONLY_ACTIVE_ARCH = YES;
				PREBINDING = NO;
				SDKROOT = iphoneos;
			};
			name = Debug;
		};
		C01FCF5008A954540054247B /* Release */ = {
			isa = XCBuildConfiguration;
			buildSettings = {
				ARCHS = "$(ARCHS_STANDARD_32_BIT)";
				"CODE_SIGN_IDENTITY[sdk=iphoneos*]" = "iPhone Developer";
				GCC_C_LANGUAGE_STANDARD = c99;
				GCC_WARN_ABOUT_RETURN_TYPE = YES;
				GCC_WARN_UNUSED_VARIABLE = YES;
				PREBINDING = NO;
				SDKROOT = iphoneos;
			};
			name = Release;
		};
/* End XCBuildConfiguration section */

/* Begin XCConfigurationList section */
		1D6058960D05DD3E006BFB54 /* Build configuration list for PBXNativeTarget "Holodeck" */ = {
			isa = XCConfigurationList;
			buildConfigurations = (
				1D6058940D05DD3E006BFB54 /* Debug */,
				1D6058950D05DD3E006BFB54 /* Release */,
			);
			defaultConfigurationIsVisible = 0;
			defaultConfigurationName = Release;
		};
		C01FCF4E08A954540054247B /* Build configuration list for PBXProject "Holodeck" */ = {
			isa = XCConfigurationList;
			buildConfigurations = (
				C01FCF4F08A954540054247B /* Debug */,
				C01FCF5008A954540054247B /* Release */,
			);
			defaultConfigurationIsVisible = 0;
			defaultConfigurationName = Release;
		};
/* End XCConfigurationList section */
	};
	rootObject = 29B97313FDCFA39411CA2CEA /* Project object */;
}
