// !$*UTF8*$!
{
	archiveVersion = 1;
	classes = {
	};
	objectVersion = 45;
	objects = {

/* Begin PBXBuildFile section */
		1D3623260D0F684500981E51 /* AppDelegate.mm in Sources */ = {isa = PBXBuildFile; fileRef = 1D3623250D0F684500981E51 /* AppDelegate.mm */; };
		1D60589F0D05DD5A006BFB54 /* Foundation.framework in Frameworks */ = {isa = PBXBuildFile; fileRef = 1D30AB110D05D00D00671497 /* Foundation.framework */; };
		1DF5F4E00D08C38300B7A737 /* UIKit.framework in Frameworks */ = {isa = PBXBuildFile; fileRef = 1DF5F4DF0D08C38300B7A737 /* UIKit.framework */; };
		288765FD0DF74451002DB57D /* CoreGraphics.framework in Frameworks */ = {isa = PBXBuildFile; fileRef = 288765FC0DF74451002DB57D /* CoreGraphics.framework */; };
		4A49829C105175F300BDD830 /* RenderingEngine.ES1.cpp in Sources */ = {isa = PBXBuildFile; fileRef = 4A49829B105175F300BDD830 /* RenderingEngine.ES1.cpp */; };
		4A4C34E41038C28B002B58DB /* ApplicationEngine.cpp in Sources */ = {isa = PBXBuildFile; fileRef = 4A4C34DD1038C28B002B58DB /* ApplicationEngine.cpp */; };
		4D27E4840F9AD71900447247 /* OpenGLES.framework in Frameworks */ = {isa = PBXBuildFile; fileRef = 4D27E4830F9AD71900447247 /* OpenGLES.framework */; };
		4D27E4B50F9AD7D600447247 /* QuartzCore.framework in Frameworks */ = {isa = PBXBuildFile; fileRef = 4D27E4B40F9AD7D600447247 /* QuartzCore.framework */; };
		4D3135ED0F9A6649001FFC34 /* GLView.mm in Sources */ = {isa = PBXBuildFile; fileRef = 4D3135EC0F9A6649001FFC34 /* GLView.mm */; };
		4D8FB2C30F9EB4740055EDDB /* Icon.png in Resources */ = {isa = PBXBuildFile; fileRef = 4D8FB2C20F9EB4740055EDDB /* Icon.png */; };
		4D8FB3730F9EC1010055EDDB /* main.m in Sources */ = {isa = PBXBuildFile; fileRef = 4D8FB3720F9EC1010055EDDB /* main.m */; };
		4D91461810CCAE9100DC85F1 /* Default.png in Resources */ = {isa = PBXBuildFile; fileRef = 4D91461710CCAE9100DC85F1 /* Default.png */; };
		4D9FBB1710C34B41006381A3 /* GenerateDistanceField.py in Resources */ = {isa = PBXBuildFile; fileRef = 4D9FBB1410C34B41006381A3 /* GenerateDistanceField.py */; };
		4D9FBC2910C36F07006381A3 /* GenerateText.py in Resources */ = {isa = PBXBuildFile; fileRef = 4D9FBC2810C36F07006381A3 /* GenerateText.py */; };
		4D9FBEE310C394AA006381A3 /* RenderingEngine.ES2.cpp in Sources */ = {isa = PBXBuildFile; fileRef = 4D9FBEE210C394AA006381A3 /* RenderingEngine.ES2.cpp */; };
/* End PBXBuildFile section */

/* Begin PBXFileReference section */
		1D30AB110D05D00D00671497 /* Foundation.framework */ = {isa = PBXFileReference; lastKnownFileType = wrapper.framework; name = Foundation.framework; path = System/Library/Frameworks/Foundation.framework; sourceTree = SDKROOT; };
		1D3623240D0F684500981E51 /* AppDelegate.h */ = {isa = PBXFileReference; fileEncoding = 4; lastKnownFileType = sourcecode.c.h; path = AppDelegate.h; sourceTree = "<group>"; };
		1D3623250D0F684500981E51 /* AppDelegate.mm */ = {isa = PBXFileReference; fileEncoding = 4; lastKnownFileType = sourcecode.cpp.objcpp; path = AppDelegate.mm; sourceTree = "<group>"; };
		1D6058910D05DD3D006BFB54 /* DistanceField.app */ = {isa = PBXFileReference; explicitFileType = wrapper.application; includeInIndex = 0; path = DistanceField.app; sourceTree = BUILT_PRODUCTS_DIR; };
		1DF5F4DF0D08C38300B7A737 /* UIKit.framework */ = {isa = PBXFileReference; lastKnownFileType = wrapper.framework; name = UIKit.framework; path = System/Library/Frameworks/UIKit.framework; sourceTree = SDKROOT; };
		288765FC0DF74451002DB57D /* CoreGraphics.framework */ = {isa = PBXFileReference; lastKnownFileType = wrapper.framework; name = CoreGraphics.framework; path = System/Library/Frameworks/CoreGraphics.framework; sourceTree = SDKROOT; };
		4A49829B105175F300BDD830 /* RenderingEngine.ES1.cpp */ = {isa = PBXFileReference; fileEncoding = 4; lastKnownFileType = sourcecode.cpp.cpp; path = RenderingEngine.ES1.cpp; sourceTree = "<group>"; };
		4A4C34DD1038C28B002B58DB /* ApplicationEngine.cpp */ = {isa = PBXFileReference; fileEncoding = 4; lastKnownFileType = sourcecode.cpp.cpp; path = ApplicationEngine.cpp; sourceTree = "<group>"; };
		4A75BB7510063249001B5F63 /* ParametricSurface.hpp */ = {isa = PBXFileReference; fileEncoding = 4; lastKnownFileType = sourcecode.cpp.h; path = ParametricSurface.hpp; sourceTree = "<group>"; };
		4D27E3B10F9ACD8200447247 /* Interfaces.hpp */ = {isa = PBXFileReference; fileEncoding = 4; lastKnownFileType = sourcecode.cpp.h; path = Interfaces.hpp; sourceTree = "<group>"; };
		4D27E4830F9AD71900447247 /* OpenGLES.framework */ = {isa = PBXFileReference; lastKnownFileType = wrapper.framework; name = OpenGLES.framework; path = System/Library/Frameworks/OpenGLES.framework; sourceTree = SDKROOT; };
		4D27E4B40F9AD7D600447247 /* QuartzCore.framework */ = {isa = PBXFileReference; lastKnownFileType = wrapper.framework; name = QuartzCore.framework; path = System/Library/Frameworks/QuartzCore.framework; sourceTree = SDKROOT; };
		4D3135EB0F9A6649001FFC34 /* GLView.h */ = {isa = PBXFileReference; fileEncoding = 4; lastKnownFileType = sourcecode.c.h; path = GLView.h; sourceTree = "<group>"; };
		4D3135EC0F9A6649001FFC34 /* GLView.mm */ = {isa = PBXFileReference; fileEncoding = 4; lastKnownFileType = sourcecode.cpp.objcpp; path = GLView.mm; sourceTree = "<group>"; };
		4D8AB5CD0FBF6EBD00A21C2E /* Vector.hpp */ = {isa = PBXFileReference; fileEncoding = 4; lastKnownFileType = sourcecode.cpp.h; path = Vector.hpp; sourceTree = "<group>"; };
		4D8AB64D0FBFB4F600A21C2E /* Matrix.hpp */ = {isa = PBXFileReference; fileEncoding = 4; lastKnownFileType = sourcecode.cpp.h; path = Matrix.hpp; sourceTree = "<group>"; };
		4D8FB2C20F9EB4740055EDDB /* Icon.png */ = {isa = PBXFileReference; lastKnownFileType = image.png; path = Icon.png; sourceTree = "<group>"; };
		4D8FB3720F9EC1010055EDDB /* main.m */ = {isa = PBXFileReference; fileEncoding = 4; lastKnownFileType = sourcecode.c.objc; path = main.m; sourceTree = "<group>"; };
		4D91461710CCAE9100DC85F1 /* Default.png */ = {isa = PBXFileReference; lastKnownFileType = image.png; path = Default.png; sourceTree = "<group>"; };
		4D9FBB1110C34B41006381A3 /* Aum.png */ = {isa = PBXFileReference; lastKnownFileType = image.png; name = Aum.png; path = Textures/Aum.png; sourceTree = "<group>"; };
		4D9FBB1210C34B41006381A3 /* DistanceField.h */ = {isa = PBXFileReference; fileEncoding = 4; lastKnownFileType = sourcecode.c.h; name = DistanceField.h; path = Textures/DistanceField.h; sourceTree = "<group>"; };
		4D9FBB1310C34B41006381A3 /* DistanceField.png */ = {isa = PBXFileReference; lastKnownFileType = image.png; name = DistanceField.png; path = Textures/DistanceField.png; sourceTree = "<group>"; };
		4D9FBB1410C34B41006381A3 /* GenerateDistanceField.py */ = {isa = PBXFileReference; fileEncoding = 4; lastKnownFileType = text.script.python; name = GenerateDistanceField.py; path = Textures/GenerateDistanceField.py; sourceTree = "<group>"; };
		4D9FBC2810C36F07006381A3 /* GenerateText.py */ = {isa = PBXFileReference; fileEncoding = 4; lastKnownFileType = text.script.python; name = GenerateText.py; path = Textures/GenerateText.py; sourceTree = "<group>"; };
		4D9FBC5A10C37242006381A3 /* Text.h */ = {isa = PBXFileReference; fileEncoding = 4; lastKnownFileType = sourcecode.c.h; name = Text.h; path = Textures/Text.h; sourceTree = "<group>"; };
		4D9FBC5B10C37242006381A3 /* Text.png */ = {isa = PBXFileReference; lastKnownFileType = image.png; name = Text.png; path = Textures/Text.png; sourceTree = "<group>"; };
		4D9FBC6410C37470006381A3 /* Tile.png */ = {isa = PBXFileReference; lastKnownFileType = image.png; name = Tile.png; path = Textures/Tile.png; sourceTree = "<group>"; };
		4D9FBC6510C37470006381A3 /* Tile.h */ = {isa = PBXFileReference; fileEncoding = 4; lastKnownFileType = sourcecode.c.h; name = Tile.h; path = Textures/Tile.h; sourceTree = "<group>"; };
		4D9FBC7210C37877006381A3 /* SmallAum.png */ = {isa = PBXFileReference; lastKnownFileType = image.png; name = SmallAum.png; path = Textures/SmallAum.png; sourceTree = "<group>"; };
		4D9FBC7310C37889006381A3 /* SmallAum.h */ = {isa = PBXFileReference; fileEncoding = 4; lastKnownFileType = sourcecode.c.h; name = SmallAum.h; path = Textures/SmallAum.h; sourceTree = "<group>"; };
		4D9FBEE210C394AA006381A3 /* RenderingEngine.ES2.cpp */ = {isa = PBXFileReference; fileEncoding = 4; lastKnownFileType = sourcecode.cpp.cpp; path = RenderingEngine.ES2.cpp; sourceTree = "<group>"; };
		4D9FBEED10C39515006381A3 /* SimpleTexturing.es2.frag */ = {isa = PBXFileReference; fileEncoding = 4; lastKnownFileType = sourcecode.glsl; name = SimpleTexturing.es2.frag; path = Shaders/SimpleTexturing.es2.frag; sourceTree = "<group>"; };
		4D9FBEEE10C39515006381A3 /* SimpleTexturing.es2.vert */ = {isa = PBXFileReference; fileEncoding = 4; lastKnownFileType = sourcecode.glsl; name = SimpleTexturing.es2.vert; path = Shaders/SimpleTexturing.es2.vert; sourceTree = "<group>"; };
		4DE8E15010C8A0CF001D1FFE /* SmallText.h */ = {isa = PBXFileReference; fileEncoding = 4; lastKnownFileType = sourcecode.c.h; name = SmallText.h; path = Textures/SmallText.h; sourceTree = "<group>"; };
		4DE8E15110C8A0CF001D1FFE /* SmallText.png */ = {isa = PBXFileReference; lastKnownFileType = image.png; name = SmallText.png; path = Textures/SmallText.png; sourceTree = "<group>"; };
		8D1107310486CEB800E47090 /* Info.plist */ = {isa = PBXFileReference; fileEncoding = 4; lastKnownFileType = text.plist.xml; path = Info.plist; sourceTree = "<group>"; };
/* End PBXFileReference section */

/* Begin PBXFrameworksBuildPhase section */
		1D60588F0D05DD3D006BFB54 /* Frameworks */ = {
			isa = PBXFrameworksBuildPhase;
			buildActionMask = 2147483647;
			files = (
				1D60589F0D05DD5A006BFB54 /* Foundation.framework in Frameworks */,
				1DF5F4E00D08C38300B7A737 /* UIKit.framework in Frameworks */,
				288765FD0DF74451002DB57D /* CoreGraphics.framework in Frameworks */,
				4D27E4840F9AD71900447247 /* OpenGLES.framework in Frameworks */,
				4D27E4B50F9AD7D600447247 /* QuartzCore.framework in Frameworks */,
			);
			runOnlyForDeploymentPostprocessing = 0;
		};
/* End PBXFrameworksBuildPhase section */

/* Begin PBXGroup section */
		080E96DDFE201D6D7F000001 /* Classes */ = {
			isa = PBXGroup;
			children = (
				4D27E3B10F9ACD8200447247 /* Interfaces.hpp */,
				4A49829B105175F300BDD830 /* RenderingEngine.ES1.cpp */,
				4D9FBEE210C394AA006381A3 /* RenderingEngine.ES2.cpp */,
				4A4C34DD1038C28B002B58DB /* ApplicationEngine.cpp */,
				4A75BB7510063249001B5F63 /* ParametricSurface.hpp */,
				4D8AB64D0FBFB4F600A21C2E /* Matrix.hpp */,
				4D8AB5CD0FBF6EBD00A21C2E /* Vector.hpp */,
				1D3623240D0F684500981E51 /* AppDelegate.h */,
				1D3623250D0F684500981E51 /* AppDelegate.mm */,
				4D3135EB0F9A6649001FFC34 /* GLView.h */,
				4D3135EC0F9A6649001FFC34 /* GLView.mm */,
			);
			path = Classes;
			sourceTree = "<group>";
		};
		19C28FACFE9D520D11CA2CBB /* Products */ = {
			isa = PBXGroup;
			children = (
				1D6058910D05DD3D006BFB54 /* DistanceField.app */,
			);
			name = Products;
			sourceTree = "<group>";
		};
		29B97314FDCFA39411CA2CEA /* CustomTemplate */ = {
			isa = PBXGroup;
			children = (
				4D9FBEEC10C39505006381A3 /* Shaders */,
				4D47D03E104CDDDA001270F9 /* Textures */,
				080E96DDFE201D6D7F000001 /* Classes */,
				29B97315FDCFA39411CA2CEA /* Other Sources */,
				29B97317FDCFA39411CA2CEA /* Resources */,
				29B97323FDCFA39411CA2CEA /* Frameworks */,
				19C28FACFE9D520D11CA2CBB /* Products */,
			);
			name = CustomTemplate;
			sourceTree = "<group>";
		};
		29B97315FDCFA39411CA2CEA /* Other Sources */ = {
			isa = PBXGroup;
			children = (
				4D8FB3720F9EC1010055EDDB /* main.m */,
			);
			name = "Other Sources";
			sourceTree = "<group>";
		};
		29B97317FDCFA39411CA2CEA /* Resources */ = {
			isa = PBXGroup;
			children = (
				4D8FB2C20F9EB4740055EDDB /* Icon.png */,
				8D1107310486CEB800E47090 /* Info.plist */,
				4D91461710CCAE9100DC85F1 /* Default.png */,
			);
			name = Resources;
			sourceTree = "<group>";
		};
		29B97323FDCFA39411CA2CEA /* Frameworks */ = {
			isa = PBXGroup;
			children = (
				4D27E4B40F9AD7D600447247 /* QuartzCore.framework */,
				4D27E4830F9AD71900447247 /* OpenGLES.framework */,
				1DF5F4DF0D08C38300B7A737 /* UIKit.framework */,
				1D30AB110D05D00D00671497 /* Foundation.framework */,
				288765FC0DF74451002DB57D /* CoreGraphics.framework */,
			);
			name = Frameworks;
			sourceTree = "<group>";
		};
		4D47D03E104CDDDA001270F9 /* Textures */ = {
			isa = PBXGroup;
			children = (
				4DE8E15010C8A0CF001D1FFE /* SmallText.h */,
				4DE8E15110C8A0CF001D1FFE /* SmallText.png */,
				4D9FBC7310C37889006381A3 /* SmallAum.h */,
				4D9FBC7210C37877006381A3 /* SmallAum.png */,
				4D9FBC6410C37470006381A3 /* Tile.png */,
				4D9FBC6510C37470006381A3 /* Tile.h */,
				4D9FBC5A10C37242006381A3 /* Text.h */,
				4D9FBC5B10C37242006381A3 /* Text.png */,
				4D9FBC2810C36F07006381A3 /* GenerateText.py */,
				4D9FBB1110C34B41006381A3 /* Aum.png */,
				4D9FBB1210C34B41006381A3 /* DistanceField.h */,
				4D9FBB1310C34B41006381A3 /* DistanceField.png */,
				4D9FBB1410C34B41006381A3 /* GenerateDistanceField.py */,
			);
			name = Textures;
			sourceTree = "<group>";
		};
		4D9FBEEC10C39505006381A3 /* Shaders */ = {
			isa = PBXGroup;
			children = (
				4D9FBEED10C39515006381A3 /* SimpleTexturing.es2.frag */,
				4D9FBEEE10C39515006381A3 /* SimpleTexturing.es2.vert */,
			);
			name = Shaders;
			sourceTree = "<group>";
		};
/* End PBXGroup section */

/* Begin PBXNativeTarget section */
		1D6058900D05DD3D006BFB54 /* DistanceField */ = {
			isa = PBXNativeTarget;
			buildConfigurationList = 1D6058960D05DD3E006BFB54 /* Build configuration list for PBXNativeTarget "DistanceField" */;
			buildPhases = (
				1D60588D0D05DD3D006BFB54 /* Resources */,
				1D60588E0D05DD3D006BFB54 /* Sources */,
				1D60588F0D05DD3D006BFB54 /* Frameworks */,
			);
			buildRules = (
			);
			dependencies = (
			);
			name = DistanceField;
			productName = DistanceField;
			productReference = 1D6058910D05DD3D006BFB54 /* DistanceField.app */;
			productType = "com.apple.product-type.application";
		};
/* End PBXNativeTarget section */

/* Begin PBXProject section */
		29B97313FDCFA39411CA2CEA /* Project object */ = {
			isa = PBXProject;
			buildConfigurationList = C01FCF4E08A954540054247B /* Build configuration list for PBXProject "DistanceField" */;
			compatibilityVersion = "Xcode 3.1";
			hasScannedForEncodings = 1;
			mainGroup = 29B97314FDCFA39411CA2CEA /* CustomTemplate */;
			projectDirPath = "";
			projectRoot = "";
			targets = (
				1D6058900D05DD3D006BFB54 /* DistanceField */,
			);
		};
/* End PBXProject section */

/* Begin PBXResourcesBuildPhase section */
		1D60588D0D05DD3D006BFB54 /* Resources */ = {
			isa = PBXResourcesBuildPhase;
			buildActionMask = 2147483647;
			files = (
				4D8FB2C30F9EB4740055EDDB /* Icon.png in Resources */,
				4D9FBB1710C34B41006381A3 /* GenerateDistanceField.py in Resources */,
				4D9FBC2910C36F07006381A3 /* GenerateText.py in Resources */,
				4D91461810CCAE9100DC85F1 /* Default.png in Resources */,
			);
			runOnlyForDeploymentPostprocessing = 0;
		};
/* End PBXResourcesBuildPhase section */

/* Begin PBXSourcesBuildPhase section */
		1D60588E0D05DD3D006BFB54 /* Sources */ = {
			isa = PBXSourcesBuildPhase;
			buildActionMask = 2147483647;
			files = (
				1D3623260D0F684500981E51 /* AppDelegate.mm in Sources */,
				4D3135ED0F9A6649001FFC34 /* GLView.mm in Sources */,
				4D8FB3730F9EC1010055EDDB /* main.m in Sources */,
				4A4C34E41038C28B002B58DB /* ApplicationEngine.cpp in Sources */,
				4A49829C105175F300BDD830 /* RenderingEngine.ES1.cpp in Sources */,
				4D9FBEE310C394AA006381A3 /* RenderingEngine.ES2.cpp in Sources */,
			);
			runOnlyForDeploymentPostprocessing = 0;
		};
/* End PBXSourcesBuildPhase section */

/* Begin XCBuildConfiguration section */
		1D6058940D05DD3E006BFB54 /* Debug */ = {
			isa = XCBuildConfiguration;
			buildSettings = {
				ALWAYS_SEARCH_USER_PATHS = NO;
				COPY_PHASE_STRIP = NO;
				GCC_DYNAMIC_NO_PIC = NO;
				GCC_OPTIMIZATION_LEVEL = 0;
				GCC_PRECOMPILE_PREFIX_HEADER = YES;
				INFOPLIST_FILE = Info.plist;
				PRODUCT_NAME = DistanceField;
			};
			name = Debug;
		};
		1D6058950D05DD3E006BFB54 /* Release */ = {
			isa = XCBuildConfiguration;
			buildSettings = {
				ALWAYS_SEARCH_USER_PATHS = NO;
				COPY_PHASE_STRIP = YES;
				GCC_PRECOMPILE_PREFIX_HEADER = YES;
				INFOPLIST_FILE = Info.plist;
				PRODUCT_NAME = DistanceField;
			};
			name = Release;
		};
		C01FCF4F08A954540054247B /* Debug */ = {
			isa = XCBuildConfiguration;
			buildSettings = {
				ARCHS = "$(ARCHS_STANDARD_32_BIT)";
				"CODE_SIGN_IDENTITY[sdk=iphoneos*]" = "iPhone Developer";
				GCC_C_LANGUAGE_STANDARD = c99;
				GCC_WARN_ABOUT_RETURN_TYPE = YES;
				GCC_WARN_UNUSED_VARIABLE = YES;
				ONLY_ACTIVE_ARCH = YES;
				PREBINDING = NO;
				SDKROOT = iphoneos;
			};
			name = Debug;
		};
		C01FCF5008A954540054247B /* Release */ = {
			isa = XCBuildConfiguration;
			buildSettings = {
				ARCHS = "$(ARCHS_STANDARD_32_BIT)";
				"CODE_SIGN_IDENTITY[sdk=iphoneos*]" = "iPhone Developer";
				GCC_C_LANGUAGE_STANDARD = c99;
				GCC_WARN_ABOUT_RETURN_TYPE = YES;
				GCC_WARN_UNUSED_VARIABLE = YES;
				PREBINDING = NO;
				SDKROOT = iphoneos;
			};
			name = Release;
		};
/* End XCBuildConfiguration section */

/* Begin XCConfigurationList section */
		1D6058960D05DD3E006BFB54 /* Build configuration list for PBXNativeTarget "DistanceField" */ = {
			isa = XCConfigurationList;
			buildConfigurations = (
				1D6058940D05DD3E006BFB54 /* Debug */,
				1D6058950D05DD3E006BFB54 /* Release */,
			);
			defaultConfigurationIsVisible = 0;
			defaultConfigurationName = Release;
		};
		C01FCF4E08A954540054247B /* Build configuration list for PBXProject "DistanceField" */ = {
			isa = XCConfigurationList;
			buildConfigurations = (
				C01FCF4F08A954540054247B /* Debug */,
				C01FCF5008A954540054247B /* Release */,
			);
			defaultConfigurationIsVisible = 0;
			defaultConfigurationName = Release;
		};
/* End XCConfigurationList section */
	};
	rootObject = 29B97313FDCFA39411CA2CEA /* Project object */;
}
